
Microsoft Visual Studio Solution File, Format Version 12.00
# Visual Studio Version 16
VisualStudioVersion = 16.0.31005.135
MinimumVisualStudioVersion = 10.0.40219.1
Project("{FAE04EC0-301F-11D3-BF4B-00C04F79EFBC}") = "Linkit -NoBlock IDE WebApp", "Linkit -NoBlock IDE WebApp.csproj", "{EF1442F4-5A1B-49A3-9A59-19E7EA634943}"
EndProject
Global
	GlobalSection(SolutionConfigurationPlatforms) = preSolution
		Debug|Any CPU = Debug|Any CPU
		Release|Any CPU = Release|Any CPU
	EndGlobalSection
	GlobalSection(ProjectConfigurationPlatforms) = postSolution
		{EF1442F4-5A1B-49A3-9A59-19E7EA634943}.Debug|Any CPU.ActiveCfg = Debug|Any CPU
		{EF1442F4-5A1B-49A3-9A59-19E7EA634943}.Debug|Any CPU.Build.0 = Debug|Any CPU
		{EF1442F4-5A1B-49A3-9A59-19E7EA634943}.Release|Any CPU.ActiveCfg = Release|Any CPU
		{EF1442F4-5A1B-49A3-9A59-19E7EA634943}.Release|Any CPU.Build.0 = Release|Any CPU
	EndGlobalSection
	GlobalSection(SolutionProperties) = preSolution
		HideSolutionNode = FALSE
	EndGlobalSection
	GlobalSection(ExtensibilityGlobals) = postSolution
		SolutionGuid = {430F2A38-B2CD-4CE3-BCD5-3C05DDA56CA4}
	EndGlobalSection
EndGlobal
